
Microsoft Visual Studio Solution File, Format Version 12.00
# Visual Studio Version 16
VisualStudioVersion = 25.0.1700.1
MinimumVisualStudioVersion = 10.0.40219.1
Project("{FAE04EC0-301F-11D3-BF4B-00C04F79EFBC}") = "HPlusSport", "HPlusSport\HPlusSport.csproj", "{5B405D48-ACC7-4D10-8852-CCA5680EA19A}"
EndProject
Global
	GlobalSection(SolutionConfigurationPlatforms) = preSolution
		Debug|Any CPU = Debug|Any CPU
		Release|Any CPU = Release|Any CPU
	EndGlobalSection
	GlobalSection(ProjectConfigurationPlatforms) = postSolution
		{5B405D48-ACC7-4D10-8852-CCA5680EA19A}.Debug|Any CPU.ActiveCfg = Debug|Any CPU
		{5B405D48-ACC7-4D10-8852-CCA5680EA19A}.Debug|Any CPU.Build.0 = Debug|Any CPU
		{5B405D48-ACC7-4D10-8852-CCA5680EA19A}.Release|Any CPU.ActiveCfg = Release|Any CPU
		{5B405D48-ACC7-4D10-8852-CCA5680EA19A}.Release|Any CPU.Build.0 = Release|Any CPU
	EndGlobalSection
	GlobalSection(SolutionProperties) = preSolution
		HideSolutionNode = FALSE
	EndGlobalSection
	GlobalSection(ExtensibilityGlobals) = postSolution
		SolutionGuid = {F4E492E6-2B85-47DD-B328-CFB0AC8D48C1}
	EndGlobalSection
EndGlobal
